<Solution>
  <Project Path="OrderSystem.Api/OrderSystem.Api.csproj" />
  <Project Path="OrderSystem.Application/OrderSystem.Application.csproj" />
  <Project Path="OrderSystem.Domain/OrderSystem.Domain.csproj" />
  <Project Path="OrderSystem.Infrastructure/OrderSystem.Infrastructure.csproj" />
</Solution>
